# THIS IS AN AUTOGENERATED FILE. DO NOT EDIT THIS FILE DIRECTLY.
# yarn lockfile v1


node-http-server@8.1.4:
  version "8.1.4"
  resolved "https://registry.yarnpkg.com/node-http-server/-/node-http-server-8.1.4.tgz#e832c59a85f32ed46d280eff47979949e4c02518"
  integrity sha512-Td7hM5Ogtzi7p9x50j7vgONoDBBO22fua87njc3E/22/wRc1X9g1xWEv/Gg+at/regZ3eO1vwubfb0gHd2sAgQ==
